
Microsoft Visual Studio Solution File, Format Version 12.00
# Visual Studio Version 17
VisualStudioVersion = 17.1.32319.34
MinimumVisualStudioVersion = 10.0.40219.1
Project("{FAE04EC0-301F-11D3-BF4B-00C04F79EFBC}") = "GB_Backend", "GB_Backend\GB_Backend.csproj", "{27D2EB8D-1E9C-4A52-B5D8-881BE7D361A3}"
EndProject
Global
	GlobalSection(SolutionConfigurationPlatforms) = preSolution
		Debug|Any CPU = Debug|Any CPU
		Release|Any CPU = Release|Any CPU
	EndGlobalSection
	GlobalSection(ProjectConfigurationPlatforms) = postSolution
		{27D2EB8D-1E9C-4A52-B5D8-881BE7D361A3}.Debug|Any CPU.ActiveCfg = Debug|Any CPU
		{27D2EB8D-1E9C-4A52-B5D8-881BE7D361A3}.Debug|Any CPU.Build.0 = Debug|Any CPU
		{27D2EB8D-1E9C-4A52-B5D8-881BE7D361A3}.Release|Any CPU.ActiveCfg = Release|Any CPU
		{27D2EB8D-1E9C-4A52-B5D8-881BE7D361A3}.Release|Any CPU.Build.0 = Release|Any CPU
	EndGlobalSection
	GlobalSection(SolutionProperties) = preSolution
		HideSolutionNode = FALSE
	EndGlobalSection
	GlobalSection(ExtensibilityGlobals) = postSolution
		SolutionGuid = {42346E5C-45E5-4909-BBA4-850C594D6CDE}
	EndGlobalSection
EndGlobal
